
Microsoft Visual Studio Solution File, Format Version 12.00
# Visual Studio Version 16
VisualStudioVersion = 16.0.30503.244
MinimumVisualStudioVersion = 10.0.40219.1
Project("{F184B08F-C81C-45F6-A57F-5ABD9991F28F}") = "WindowsApp1", "WindowsApp1.vbproj", "{40F1ADB3-3672-421D-814A-EDAD78B1BA39}"
EndProject
Global
	GlobalSection(SolutionConfigurationPlatforms) = preSolution
		Debug|Any CPU = Debug|Any CPU
		Release|Any CPU = Release|Any CPU
	EndGlobalSection
	GlobalSection(ProjectConfigurationPlatforms) = postSolution
		{40F1ADB3-3672-421D-814A-EDAD78B1BA39}.Debug|Any CPU.ActiveCfg = Debug|Any CPU
		{40F1ADB3-3672-421D-814A-EDAD78B1BA39}.Debug|Any CPU.Build.0 = Debug|Any CPU
		{40F1ADB3-3672-421D-814A-EDAD78B1BA39}.Release|Any CPU.ActiveCfg = Release|Any CPU
		{40F1ADB3-3672-421D-814A-EDAD78B1BA39}.Release|Any CPU.Build.0 = Release|Any CPU
	EndGlobalSection
	GlobalSection(SolutionProperties) = preSolution
		HideSolutionNode = FALSE
	EndGlobalSection
	GlobalSection(ExtensibilityGlobals) = postSolution
		SolutionGuid = {8E7DF3F2-8F16-458E-9F5F-52F072E69A34}
	EndGlobalSection
EndGlobal
